
Microsoft Visual Studio Solution File, Format Version 12.00
# Visual Studio Version 16
VisualStudioVersion = 16.0.30611.23
MinimumVisualStudioVersion = 10.0.40219.1
Project("{FAE04EC0-301F-11D3-BF4B-00C04F79EFBC}") = "Paladins.Net", "src\Paladins.Net.csproj", "{3915ACE7-AF9B-4C9A-83EE-E3FC14A3F3E1}"
EndProject
Global
	GlobalSection(SolutionConfigurationPlatforms) = preSolution
		Debug|Any CPU = Debug|Any CPU
		Release|Any CPU = Release|Any CPU
	EndGlobalSection
	GlobalSection(ProjectConfigurationPlatforms) = postSolution
		{3915ACE7-AF9B-4C9A-83EE-E3FC14A3F3E1}.Debug|Any CPU.ActiveCfg = Debug|Any CPU
		{3915ACE7-AF9B-4C9A-83EE-E3FC14A3F3E1}.Debug|Any CPU.Build.0 = Debug|Any CPU
		{3915ACE7-AF9B-4C9A-83EE-E3FC14A3F3E1}.Release|Any CPU.ActiveCfg = Release|Any CPU
		{3915ACE7-AF9B-4C9A-83EE-E3FC14A3F3E1}.Release|Any CPU.Build.0 = Release|Any CPU
	EndGlobalSection
	GlobalSection(SolutionProperties) = preSolution
		HideSolutionNode = FALSE
	EndGlobalSection
	GlobalSection(ExtensibilityGlobals) = postSolution
		SolutionGuid = {070516A8-74CD-4A8A-96D2-8AA019DFA685}
	EndGlobalSection
EndGlobal
